// !$*UTF8*$!
{
	archiveVersion = 1;
	classes = {
	};
	objectVersion = 46;
	objects = {

/* Begin PBXBuildFile section */
		AA2494201BE3B3E0003CC093 /* Media.xcassets in Resources */ = {isa = PBXBuildFile; fileRef = AA24941F1BE3B3E0003CC093 /* Media.xcassets */; };
		AAF353C11BE29E8E002FF6E8 /* main.m in Sources */ = {isa = PBXBuildFile; fileRef = AAF353C01BE29E8E002FF6E8 /* main.m */; };
		AAF353C41BE29E8E002FF6E8 /* AppDelegate.m in Sources */ = {isa = PBXBuildFile; fileRef = AAF353C31BE29E8E002FF6E8 /* AppDelegate.m */; };
		AAF353C71BE29E8E002FF6E8 /* ViewController.m in Sources */ = {isa = PBXBuildFile; fileRef = AAF353C61BE29E8E002FF6E8 /* ViewController.m */; };
		AAF353CA1BE29E8E002FF6E8 /* Main.storyboard in Resources */ = {isa = PBXBuildFile; fileRef = AAF353C81BE29E8E002FF6E8 /* Main.storyboard */; };
		AAF353CC1BE29E8E002FF6E8 /* Assets.xcassets in Resources */ = {isa = PBXBuildFile; fileRef = AAF353CB1BE29E8E002FF6E8 /* Assets.xcassets */; };
		AAF353CF1BE29E8E002FF6E8 /* LaunchScreen.storyboard in Resources */ = {isa = PBXBuildFile; fileRef = AAF353CD1BE29E8E002FF6E8 /* LaunchScreen.storyboard */; };
/* End PBXBuildFile section */

/* Begin PBXFileReference section */
		AA24941F1BE3B3E0003CC093 /* Media.xcassets */ = {isa = PBXFileReference; lastKnownFileType = folder.assetcatalog; path = Media.xcassets; sourceTree = "<group>"; };
		AAF353BC1BE29E8E002FF6E8 /* Lesson9.app */ = {isa = PBXFileReference; explicitFileType = wrapper.application; includeInIndex = 0; path = Lesson9.app; sourceTree = BUILT_PRODUCTS_DIR; };
		AAF353C01BE29E8E002FF6E8 /* main.m */ = {isa = PBXFileReference; lastKnownFileType = sourcecode.c.objc; path = main.m; sourceTree = "<group>"; };
		AAF353C21BE29E8E002FF6E8 /* AppDelegate.h */ = {isa = PBXFileReference; lastKnownFileType = sourcecode.c.h; path = AppDelegate.h; sourceTree = "<group>"; };
		AAF353C31BE29E8E002FF6E8 /* AppDelegate.m */ = {isa = PBXFileReference; lastKnownFileType = sourcecode.c.objc; path = AppDelegate.m; sourceTree = "<group>"; };
		AAF353C51BE29E8E002FF6E8 /* ViewController.h */ = {isa = PBXFileReference; lastKnownFileType = sourcecode.c.h; path = ViewController.h; sourceTree = "<group>"; };
		AAF353C61BE29E8E002FF6E8 /* ViewController.m */ = {isa = PBXFileReference; lastKnownFileType = sourcecode.c.objc; path = ViewController.m; sourceTree = "<group>"; };
		AAF353C91BE29E8E002FF6E8 /* Base */ = {isa = PBXFileReference; lastKnownFileType = file.storyboard; name = Base; path = Base.lproj/Main.storyboard; sourceTree = "<group>"; };
		AAF353CB1BE29E8E002FF6E8 /* Assets.xcassets */ = {isa = PBXFileReference; lastKnownFileType = folder.assetcatalog; path = Assets.xcassets; sourceTree = "<group>"; };
		AAF353CE1BE29E8E002FF6E8 /* Base */ = {isa = PBXFileReference; lastKnownFileType = file.storyboard; name = Base; path = Base.lproj/LaunchScreen.storyboard; sourceTree = "<group>"; };
		AAF353D01BE29E8E002FF6E8 /* Info.plist */ = {isa = PBXFileReference; lastKnownFileType = text.plist.xml; path = Info.plist; sourceTree = "<group>"; };
/* End PBXFileReference section */

/* Begin PBXFrameworksBuildPhase section */
		AAF353B91BE29E8E002FF6E8 /* Frameworks */ = {
			isa = PBXFrameworksBuildPhase;
			buildActionMask = 2147483647;
			files = (
			);
			runOnlyForDeploymentPostprocessing = 0;
		};
/* End PBXFrameworksBuildPhase section */

/* Begin PBXGroup section */
		AAF353B31BE29E8E002FF6E8 = {
			isa = PBXGroup;
			children = (
				AAF353BE1BE29E8E002FF6E8 /* Lesson9 */,
				AAF353BD1BE29E8E002FF6E8 /* Products */,
			);
			sourceTree = "<group>";
		};
		AAF353BD1BE29E8E002FF6E8 /* Products */ = {
			isa = PBXGroup;
			children = (
				AAF353BC1BE29E8E002FF6E8 /* Lesson9.app */,
			);
			name = Products;
			sourceTree = "<group>";
		};
		AAF353BE1BE29E8E002FF6E8 /* Lesson9 */ = {
			isa = PBXGroup;
			children = (
				AAF353C21BE29E8E002FF6E8 /* AppDelegate.h */,
				AAF353C31BE29E8E002FF6E8 /* AppDelegate.m */,
				AAF353C51BE29E8E002FF6E8 /* ViewController.h */,
				AAF353C61BE29E8E002FF6E8 /* ViewController.m */,
				AAF353C81BE29E8E002FF6E8 /* Main.storyboard */,
				AAF353CB1BE29E8E002FF6E8 /* Assets.xcassets */,
				AAF353CD1BE29E8E002FF6E8 /* LaunchScreen.storyboard */,
				AAF353D01BE29E8E002FF6E8 /* Info.plist */,
				AAF353BF1BE29E8E002FF6E8 /* Supporting Files */,
				AA24941F1BE3B3E0003CC093 /* Media.xcassets */,
			);
			path = Lesson9;
			sourceTree = "<group>";
		};
		AAF353BF1BE29E8E002FF6E8 /* Supporting Files */ = {
			isa = PBXGroup;
			children = (
				AAF353C01BE29E8E002FF6E8 /* main.m */,
			);
			name = "Supporting Files";
			sourceTree = "<group>";
		};
/* End PBXGroup section */

/* Begin PBXNativeTarget section */
		AAF353BB1BE29E8E002FF6E8 /* Lesson9 */ = {
			isa = PBXNativeTarget;
			buildConfigurationList = AAF353D31BE29E8E002FF6E8 /* Build configuration list for PBXNativeTarget "Lesson9" */;
			buildPhases = (
				AAF353B81BE29E8E002FF6E8 /* Sources */,
				AAF353B91BE29E8E002FF6E8 /* Frameworks */,
				AAF353BA1BE29E8E002FF6E8 /* Resources */,
			);
			buildRules = (
			);
			dependencies = (
			);
			name = Lesson9;
			productName = Lesson9;
			productReference = AAF353BC1BE29E8E002FF6E8 /* Lesson9.app */;
			productType = "com.apple.product-type.application";
		};
/* End PBXNativeTarget section */

/* Begin PBXProject section */
		AAF353B41BE29E8E002FF6E8 /* Project object */ = {
			isa = PBXProject;
			attributes = {
				LastUpgradeCheck = 0710;
				ORGANIZATIONNAME = "Azat Almeev";
				TargetAttributes = {
					AAF353BB1BE29E8E002FF6E8 = {
						CreatedOnToolsVersion = 7.1;
					};
				};
			};
			buildConfigurationList = AAF353B71BE29E8E002FF6E8 /* Build configuration list for PBXProject "Lesson9" */;
			compatibilityVersion = "Xcode 3.2";
			developmentRegion = English;
			hasScannedForEncodings = 0;
			knownRegions = (
				en,
				Base,
			);
			mainGroup = AAF353B31BE29E8E002FF6E8;
			productRefGroup = AAF353BD1BE29E8E002FF6E8 /* Products */;
			projectDirPath = "";
			projectRoot = "";
			targets = (
				AAF353BB1BE29E8E002FF6E8 /* Lesson9 */,
			);
		};
/* End PBXProject section */

/* Begin PBXResourcesBuildPhase section */
		AAF353BA1BE29E8E002FF6E8 /* Resources */ = {
			isa = PBXResourcesBuildPhase;
			buildActionMask = 2147483647;
			files = (
				AA2494201BE3B3E0003CC093 /* Media.xcassets in Resources */,
				AAF353CF1BE29E8E002FF6E8 /* LaunchScreen.storyboard in Resources */,
				AAF353CC1BE29E8E002FF6E8 /* Assets.xcassets in Resources */,
				AAF353CA1BE29E8E002FF6E8 /* Main.storyboard in Resources */,
			);
			runOnlyForDeploymentPostprocessing = 0;
		};
/* End PBXResourcesBuildPhase section */

/* Begin PBXSourcesBuildPhase section */
		AAF353B81BE29E8E002FF6E8 /* Sources */ = {
			isa = PBXSourcesBuildPhase;
			buildActionMask = 2147483647;
			files = (
				AAF353C71BE29E8E002FF6E8 /* ViewController.m in Sources */,
				AAF353C41BE29E8E002FF6E8 /* AppDelegate.m in Sources */,
				AAF353C11BE29E8E002FF6E8 /* main.m in Sources */,
			);
			runOnlyForDeploymentPostprocessing = 0;
		};
/* End PBXSourcesBuildPhase section */

/* Begin PBXVariantGroup section */
		AAF353C81BE29E8E002FF6E8 /* Main.storyboard */ = {
			isa = PBXVariantGroup;
			children = (
				AAF353C91BE29E8E002FF6E8 /* Base */,
			);
			name = Main.storyboard;
			sourceTree = "<group>";
		};
		AAF353CD1BE29E8E002FF6E8 /* LaunchScreen.storyboard */ = {
			isa = PBXVariantGroup;
			children = (
				AAF353CE1BE29E8E002FF6E8 /* Base */,
			);
			name = LaunchScreen.storyboard;
			sourceTree = "<group>";
		};
/* End PBXVariantGroup section */

/* Begin XCBuildConfiguration section */
		AAF353D11BE29E8E002FF6E8 /* Debug */ = {
			isa = XCBuildConfiguration;
			buildSettings = {
				ALWAYS_SEARCH_USER_PATHS = NO;
				CLANG_CXX_LANGUAGE_STANDARD = "gnu++0x";
				CLANG_CXX_LIBRARY = "libc++";
				CLANG_ENABLE_MODULES = YES;
				CLANG_ENABLE_OBJC_ARC = YES;
				CLANG_WARN_BOOL_CONVERSION = YES;
				CLANG_WARN_CONSTANT_CONVERSION = YES;
				CLANG_WARN_DIRECT_OBJC_ISA_USAGE = YES_ERROR;
				CLANG_WARN_EMPTY_BODY = YES;
				CLANG_WARN_ENUM_CONVERSION = YES;
				CLANG_WARN_INT_CONVERSION = YES;
				CLANG_WARN_OBJC_ROOT_CLASS = YES_ERROR;
				CLANG_WARN_UNREACHABLE_CODE = YES;
				CLANG_WARN__DUPLICATE_METHOD_MATCH = YES;
				"CODE_SIGN_IDENTITY[sdk=iphoneos*]" = "iPhone Developer";
				COPY_PHASE_STRIP = NO;
				DEBUG_INFORMATION_FORMAT = dwarf;
				ENABLE_STRICT_OBJC_MSGSEND = YES;
				ENABLE_TESTABILITY = YES;
				GCC_C_LANGUAGE_STANDARD = gnu99;
				GCC_DYNAMIC_NO_PIC = NO;
				GCC_NO_COMMON_BLOCKS = YES;
				GCC_OPTIMIZATION_LEVEL = 0;
				GCC_PREPROCESSOR_DEFINITIONS = (
					"DEBUG=1",
					"$(inherited)",
				);
				GCC_WARN_64_TO_32_BIT_CONVERSION = YES;
				GCC_WARN_ABOUT_RETURN_TYPE = YES_ERROR;
				GCC_WARN_UNDECLARED_SELECTOR = YES;
				GCC_WARN_UNINITIALIZED_AUTOS = YES_AGGRESSIVE;
				GCC_WARN_UNUSED_FUNCTION = YES;
				GCC_WARN_UNUSED_VARIABLE = YES;
				IPHONEOS_DEPLOYMENT_TARGET = 9.1;
				MTL_ENABLE_DEBUG_INFO = YES;
				ONLY_ACTIVE_ARCH = YES;
				SDKROOT = iphoneos;
				TARGETED_DEVICE_FAMILY = "1,2";
			};
			name = Debug;
		};
		AAF353D21BE29E8E002FF6E8 /* Release */ = {
			isa = XCBuildConfiguration;
			buildSettings = {
				ALWAYS_SEARCH_USER_PATHS = NO;
				CLANG_CXX_LANGUAGE_STANDARD = "gnu++0x";
				CLANG_CXX_LIBRARY = "libc++";
				CLANG_ENABLE_MODULES = YES;
				CLANG_ENABLE_OBJC_ARC = YES;
				CLANG_WARN_BOOL_CONVERSION = YES;
				CLANG_WARN_CONSTANT_CONVERSION = YES;
				CLANG_WARN_DIRECT_OBJC_ISA_USAGE = YES_ERROR;
				CLANG_WARN_EMPTY_BODY = YES;
				CLANG_WARN_ENUM_CONVERSION = YES;
				CLANG_WARN_INT_CONVERSION = YES;
				CLANG_WARN_OBJC_ROOT_CLASS = YES_ERROR;
				CLANG_WARN_UNREACHABLE_CODE = YES;
				CLANG_WARN__DUPLICATE_METHOD_MATCH = YES;
				"CODE_SIGN_IDENTITY[sdk=iphoneos*]" = "iPhone Developer";
				COPY_PHASE_STRIP = NO;
				DEBUG_INFORMATION_FORMAT = "dwarf-with-dsym";
				ENABLE_NS_ASSERTIONS = NO;
				ENABLE_STRICT_OBJC_MSGSEND = YES;
				GCC_C_LANGUAGE_STANDARD = gnu99;
				GCC_NO_COMMON_BLOCKS = YES;
				GCC_WARN_64_TO_32_BIT_CONVERSION = YES;
				GCC_WARN_ABOUT_RETURN_TYPE = YES_ERROR;
				GCC_WARN_UNDECLARED_SELECTOR = YES;
				GCC_WARN_UNINITIALIZED_AUTOS = YES_AGGRESSIVE;
				GCC_WARN_UNUSED_FUNCTION = YES;
				GCC_WARN_UNUSED_VARIABLE = YES;
				IPHONEOS_DEPLOYMENT_TARGET = 9.1;
				MTL_ENABLE_DEBUG_INFO = NO;
				SDKROOT = iphoneos;
				TARGETED_DEVICE_FAMILY = "1,2";
				VALIDATE_PRODUCT = YES;
			};
			name = Release;
		};
		AAF353D41BE29E8E002FF6E8 /* Debug */ = {
			isa = XCBuildConfiguration;
			buildSettings = {
				ASSETCATALOG_COMPILER_APPICON_NAME = AppIcon;
				INFOPLIST_FILE = Lesson9/Info.plist;
				LD_RUNPATH_SEARCH_PATHS = "$(inherited) @executable_path/Frameworks";
				PRODUCT_BUNDLE_IDENTIFIER = ru.azatalmeev.Lesson9;
				PRODUCT_NAME = "$(TARGET_NAME)";
			};
			name = Debug;
		};
		AAF353D51BE29E8E002FF6E8 /* Release */ = {
			isa = XCBuildConfiguration;
			buildSettings = {
				ASSETCATALOG_COMPILER_APPICON_NAME = AppIcon;
				INFOPLIST_FILE = Lesson9/Info.plist;
				LD_RUNPATH_SEARCH_PATHS = "$(inherited) @executable_path/Frameworks";
				PRODUCT_BUNDLE_IDENTIFIER = ru.azatalmeev.Lesson9;
				PRODUCT_NAME = "$(TARGET_NAME)";
			};
			name = Release;
		};
/* End XCBuildConfiguration section */

/* Begin XCConfigurationList section */
		AAF353B71BE29E8E002FF6E8 /* Build configuration list for PBXProject "Lesson9" */ = {
			isa = XCConfigurationList;
			buildConfigurations = (
				AAF353D11BE29E8E002FF6E8 /* Debug */,
				AAF353D21BE29E8E002FF6E8 /* Release */,
			);
			defaultConfigurationIsVisible = 0;
			defaultConfigurationName = Release;
		};
		AAF353D31BE29E8E002FF6E8 /* Build configuration list for PBXNativeTarget "Lesson9" */ = {
			isa = XCConfigurationList;
			buildConfigurations = (
				AAF353D41BE29E8E002FF6E8 /* Debug */,
				AAF353D51BE29E8E002FF6E8 /* Release */,
			);
			defaultConfigurationIsVisible = 0;
			defaultConfigurationName = Release;
		};
/* End XCConfigurationList section */
	};
	rootObject = AAF353B41BE29E8E002FF6E8 /* Project object */;
}
